
Microsoft Visual Studio Solution File, Format Version 12.00
# Visual Studio Version 17
VisualStudioVersion = 17.10.35027.167
MinimumVisualStudioVersion = 10.0.40219.1
Project("{9A19103F-16F7-4668-BE54-9A1E7A4F7556}") = "feasibility.App", "feasibility.app\feasibility.App.csproj", "{AB2A0C81-B772-4293-95CB-6C583615C035}"
EndProject
Project("{9A19103F-16F7-4668-BE54-9A1E7A4F7556}") = "feasibility.Entity", "feasibility.entity\feasibility.Entity.csproj", "{AF1E64D7-7BCB-4C2A-9F4D-40B04132022B}"
EndProject
Project("{9A19103F-16F7-4668-BE54-9A1E7A4F7556}") = "feasibility.DataAccess", "feasbility.DataAcces\feasibility.DataAccess.csproj", "{18A245F0-9E27-4362-A11B-4F7501824ED8}"
EndProject
Project("{9A19103F-16F7-4668-BE54-9A1E7A4F7556}") = "feasibility.Business", "feasbility.business\feasibility.Business.csproj", "{60376AA7-6354-4AE1-8021-F04DCAE82919}"
EndProject
Global
	GlobalSection(SolutionConfigurationPlatforms) = preSolution
		Debug|Any CPU = Debug|Any CPU
		Release|Any CPU = Release|Any CPU
	EndGlobalSection
	GlobalSection(ProjectConfigurationPlatforms) = postSolution
		{AB2A0C81-B772-4293-95CB-6C583615C035}.Debug|Any CPU.ActiveCfg = Debug|Any CPU
		{AB2A0C81-B772-4293-95CB-6C583615C035}.Debug|Any CPU.Build.0 = Debug|Any CPU
		{AB2A0C81-B772-4293-95CB-6C583615C035}.Release|Any CPU.ActiveCfg = Release|Any CPU
		{AB2A0C81-B772-4293-95CB-6C583615C035}.Release|Any CPU.Build.0 = Release|Any CPU
		{AF1E64D7-7BCB-4C2A-9F4D-40B04132022B}.Debug|Any CPU.ActiveCfg = Debug|Any CPU
		{AF1E64D7-7BCB-4C2A-9F4D-40B04132022B}.Debug|Any CPU.Build.0 = Debug|Any CPU
		{AF1E64D7-7BCB-4C2A-9F4D-40B04132022B}.Release|Any CPU.ActiveCfg = Release|Any CPU
		{AF1E64D7-7BCB-4C2A-9F4D-40B04132022B}.Release|Any CPU.Build.0 = Release|Any CPU
		{18A245F0-9E27-4362-A11B-4F7501824ED8}.Debug|Any CPU.ActiveCfg = Debug|Any CPU
		{18A245F0-9E27-4362-A11B-4F7501824ED8}.Debug|Any CPU.Build.0 = Debug|Any CPU
		{18A245F0-9E27-4362-A11B-4F7501824ED8}.Release|Any CPU.ActiveCfg = Release|Any CPU
		{18A245F0-9E27-4362-A11B-4F7501824ED8}.Release|Any CPU.Build.0 = Release|Any CPU
		{60376AA7-6354-4AE1-8021-F04DCAE82919}.Debug|Any CPU.ActiveCfg = Debug|Any CPU
		{60376AA7-6354-4AE1-8021-F04DCAE82919}.Debug|Any CPU.Build.0 = Debug|Any CPU
		{60376AA7-6354-4AE1-8021-F04DCAE82919}.Release|Any CPU.ActiveCfg = Release|Any CPU
		{60376AA7-6354-4AE1-8021-F04DCAE82919}.Release|Any CPU.Build.0 = Release|Any CPU
	EndGlobalSection
	GlobalSection(SolutionProperties) = preSolution
		HideSolutionNode = FALSE
	EndGlobalSection
	GlobalSection(ExtensibilityGlobals) = postSolution
		SolutionGuid = {703FFAE3-3992-4176-BBB1-9EDB6EC929A1}
	EndGlobalSection
EndGlobal
